
Microsoft Visual Studio Solution File, Format Version 12.00
# Visual Studio Version 16
VisualStudioVersion = 16.0.32510.428
MinimumVisualStudioVersion = 10.0.40219.1
Project("{FAE04EC0-301F-11D3-BF4B-00C04F79EFBC}") = "cadastro1", "cadastro1\cadastro1.csproj", "{49A74EF8-4CF2-494E-8BFA-BCE8C7883E61}"
EndProject
Global
	GlobalSection(SolutionConfigurationPlatforms) = preSolution
		Debug|Any CPU = Debug|Any CPU
		Release|Any CPU = Release|Any CPU
	EndGlobalSection
	GlobalSection(ProjectConfigurationPlatforms) = postSolution
		{49A74EF8-4CF2-494E-8BFA-BCE8C7883E61}.Debug|Any CPU.ActiveCfg = Debug|Any CPU
		{49A74EF8-4CF2-494E-8BFA-BCE8C7883E61}.Debug|Any CPU.Build.0 = Debug|Any CPU
		{49A74EF8-4CF2-494E-8BFA-BCE8C7883E61}.Release|Any CPU.ActiveCfg = Release|Any CPU
		{49A74EF8-4CF2-494E-8BFA-BCE8C7883E61}.Release|Any CPU.Build.0 = Release|Any CPU
	EndGlobalSection
	GlobalSection(SolutionProperties) = preSolution
		HideSolutionNode = FALSE
	EndGlobalSection
	GlobalSection(ExtensibilityGlobals) = postSolution
		SolutionGuid = {14D66741-67BE-42C4-BD1D-55D7ED9744CC}
	EndGlobalSection
EndGlobal
